
Microsoft Visual Studio Solution File, Format Version 12.00
# Visual Studio Version 17
VisualStudioVersion = 17.9.34723.18
MinimumVisualStudioVersion = 10.0.40219.1
Project("{FAE04EC0-301F-11D3-BF4B-00C04F79EFBC}") = "Producer", "Producer.csproj", "{C4E8FBF6-8346-44BA-8094-687295EF2040}"
EndProject
Global
	GlobalSection(SolutionConfigurationPlatforms) = preSolution
		Debug|Any CPU = Debug|Any CPU
		Release|Any CPU = Release|Any CPU
	EndGlobalSection
	GlobalSection(ProjectConfigurationPlatforms) = postSolution
		{C4E8FBF6-8346-44BA-8094-687295EF2040}.Debug|Any CPU.ActiveCfg = Debug|Any CPU
		{C4E8FBF6-8346-44BA-8094-687295EF2040}.Debug|Any CPU.Build.0 = Debug|Any CPU
		{C4E8FBF6-8346-44BA-8094-687295EF2040}.Release|Any CPU.ActiveCfg = Release|Any CPU
		{C4E8FBF6-8346-44BA-8094-687295EF2040}.Release|Any CPU.Build.0 = Release|Any CPU
	EndGlobalSection
	GlobalSection(SolutionProperties) = preSolution
		HideSolutionNode = FALSE
	EndGlobalSection
	GlobalSection(ExtensibilityGlobals) = postSolution
		SolutionGuid = {BA5DF086-F4A0-4EBE-A12C-8F94403FCCA0}
	EndGlobalSection
EndGlobal
